{
  "requires": true,
  "lockfileVersion": 1,
  "dependencies": {
    "@mdi/js": {
      "version": "4.7.95",
      "resolved": "https://registry.npmjs.org/@mdi/js/-/js-4.7.95.tgz",
      "integrity": "sha512-npzFZFA+PqNOuUkGjXRCvQ1lUet5lPuus5bi888+nXwqOYkGGqx/LzrKE3RLxrkc8ZTbF674UumMqq+R/RfBfw=="
    },
    "@mdi/react": {
      "version": "1.2.1",
      "resolved": "https://registry.npmjs.org/@mdi/react/-/react-1.2.1.tgz",
      "integrity": "sha512-1IRIVCT07vlLmaZjVtGfyfwCMivg/tCtPj0+r1BKrkoh9z4xLf+M1TD0LhjJPO+4+O0ibW+xrNRvf+boRRtX9A=="
    }
  }
}
